PODS:
  - AFNetworking (2.6.3):
    - AFNetworking/NSURLConnection (= 2.6.3)
    - AFNetworking/NSURLSession (= 2.6.3)
    - AFNetworking/Reachability (= 2.6.3)
    - AFNetworking/Security (= 2.6.3)
    - AFNetworking/Serialization (= 2.6.3)
    - AFNetworking/UIKit (= 2.6.3)
  - AFNetworking/NSURLConnection (2.6.3):
    - AFNetworking/Reachability
    - AFNetworking/Security
    - AFNetworking/Serialization
  - AFNetworking/NSURLSession (2.6.3):
    - AFNetworking/Reachability
    - AFNetworking/Security
    - AFNetworking/Serialization
  - AFNetworking/Reachability (2.6.3)
  - AFNetworking/Security (2.6.3)
  - AFNetworking/Serialization (2.6.3)
  - AFNetworking/UIKit (2.6.3):
    - AFNetworking/NSURLConnection
    - AFNetworking/NSURLSession
  - AFOAuth2Manager (2.2.0):
    - AFNetworking/NSURLConnection (~> 2.2)
  - GoogleMaps (1.11.1)
  - IQKeyboardManager (3.3.7)
  - JFMinimalNotifications (0.0.6)

DEPENDENCIES:
  - AFNetworking (~> 2.0)
  - AFOAuth2Manager (~> 2.0)
  - GoogleMaps
  - IQKeyboardManager
  - JFMinimalNotifications (~> 0.0.6)

SPEC CHECKSUMS:
  AFNetworking: cb8d14a848e831097108418f5d49217339d4eb60
  AFOAuth2Manager: 952eb62e8fd8022971e64c6e8fe28b9e999224af
  GoogleMaps: c947160008f414c66707a5ea60f35e92055c7670
  IQKeyboardManager: 249c3946acf61345c18b038eb50863fe2793e3a8
  JFMinimalNotifications: 54416d50c609b591d2627edcd683d5195f2cb2a3

COCOAPODS: 0.39.0
